# @generated - this file is auto-generated by `mise lock` https://mise.jdx.dev/dev-tools/mise-lock.html

[[tools."aqua:cargo-bins/cargo-binstall"]]
version = "1.21.1"
backend = "aqua:cargo-bins/cargo-binstall"

[tools."aqua:cargo-bins/cargo-binstall"."platforms.linux-arm64"]
checksum = "sha256:1ff106d1e20182f7da77265f60e24e419f81b85fe6264cf4df9bdcdf5bb021bd"
url = "https://github.com/cargo-bins/cargo-binstall/releases/download/v1.21.1/cargo-binstall-aarch64-unknown-linux-gnu.tgz"
url_api = "https://api.github.com/repos/cargo-bins/cargo-binstall/releases/assets/489425373"
provenance = "github-attestations"

[tools."aqua:cargo-bins/cargo-binstall"."platforms.linux-arm64-musl"]
checksum = "sha256:1dc2979f3c83aade9a1b4344589d14fafa63459b759222528d11419f5cca9cc2"
url = "https://github.com/cargo-bins/cargo-binstall/releases/download/v1.21.1/cargo-binstall-aarch64-unknown-linux-musl.tgz"
url_api = "https://api.github.com/repos/cargo-bins/cargo-binstall/releases/assets/489425352"
provenance = "github-attestations"

[tools."aqua:cargo-bins/cargo-binstall"."platforms.linux-x64"]
checksum = "sha256:d8ff7fd6567cf80d438c6c143484a81e84bd237e2507aa0f85b5707beced0bbc"
url = "https://github.com/cargo-bins/cargo-binstall/releases/download/v1.21.1/cargo-binstall-x86_64-unknown-linux-gnu.tgz"
url_api = "https://api.github.com/repos/cargo-bins/cargo-binstall/releases/assets/489425192"
provenance = "github-attestations"

[tools."aqua:cargo-bins/cargo-binstall"."platforms.linux-x64-musl"]
checksum = "sha256:630c8f8803a686aa6779497f0f0fb51d49822fb5fc3c514d8ced33b34e338e6e"
url = "https://github.com/cargo-bins/cargo-binstall/releases/download/v1.21.1/cargo-binstall-x86_64-unknown-linux-musl.tgz"
url_api = "https://api.github.com/repos/cargo-bins/cargo-binstall/releases/assets/489425174"
provenance = "github-attestations"

[[tools."cargo:cargo-deny"]]
version = "0.20.2"
backend = "cargo:cargo-deny"

[[tools."cargo:cargo-nextest"]]
version = "0.9.140"
backend = "cargo:cargo-nextest"

[[tools.mold]]
version = "2.41.0"
backend = "aqua:rui314/mold"

[tools.mold."platforms.linux-arm64"]
checksum = "sha256:946de2774b06a71346bd59b55fddba610b65b8d93c3a4a1559cc84e103472710"
url = "https://github.com/rui314/mold/releases/download/v2.41.0/mold-2.41.0-aarch64-linux.tar.gz"
url_api = "https://api.github.com/repos/rui314/mold/releases/assets/395509405"

[tools.mold."platforms.linux-arm64-musl"]
checksum = "sha256:946de2774b06a71346bd59b55fddba610b65b8d93c3a4a1559cc84e103472710"
url = "https://github.com/rui314/mold/releases/download/v2.41.0/mold-2.41.0-aarch64-linux.tar.gz"
url_api = "https://api.github.com/repos/rui314/mold/releases/assets/395509405"

[tools.mold."platforms.linux-x64"]
checksum = "sha256:a3696680d99e692970590a178bc3a33d78d60d1c6dc9db7a11b557b02b751f5d"
url = "https://github.com/rui314/mold/releases/download/v2.41.0/mold-2.41.0-x86_64-linux.tar.gz"
url_api = "https://api.github.com/repos/rui314/mold/releases/assets/395509419"

[tools.mold."platforms.linux-x64-musl"]
checksum = "sha256:a3696680d99e692970590a178bc3a33d78d60d1c6dc9db7a11b557b02b751f5d"
url = "https://github.com/rui314/mold/releases/download/v2.41.0/mold-2.41.0-x86_64-linux.tar.gz"
url_api = "https://api.github.com/repos/rui314/mold/releases/assets/395509419"

[[tools."pipx:reuse"]]
version = "6.2.0"
backend = "pipx:reuse"

[[tools.rust]]
version = "nightly-2026-08-05"
backend = "core:rust"

[tools.rust.options]
components = "cargo,clippy,rust-analyzer,rustfmt"
profile = "minimal"
