# @generated - this file is auto-generated by `mise lock` https://mise.jdx.dev/dev-tools/mise-lock.html

[[tools."cargo:cargo-deny"]]
version = "0.20.2"
backend = "cargo:cargo-deny"

[[tools."cargo:cargo-nextest"]]
version = "0.9.140"
backend = "cargo:cargo-nextest"

[[tools.mold]]
version = "2.41.0"
backend = "aqua:rui314/mold"

[tools.mold."platforms.linux-arm64"]
checksum = "sha256:946de2774b06a71346bd59b55fddba610b65b8d93c3a4a1559cc84e103472710"
url = "https://github.com/rui314/mold/releases/download/v2.41.0/mold-2.41.0-aarch64-linux.tar.gz"
url_api = "https://api.github.com/repos/rui314/mold/releases/assets/395509405"

[tools.mold."platforms.linux-arm64-musl"]
checksum = "sha256:946de2774b06a71346bd59b55fddba610b65b8d93c3a4a1559cc84e103472710"
url = "https://github.com/rui314/mold/releases/download/v2.41.0/mold-2.41.0-aarch64-linux.tar.gz"
url_api = "https://api.github.com/repos/rui314/mold/releases/assets/395509405"

[tools.mold."platforms.linux-x64"]
checksum = "sha256:a3696680d99e692970590a178bc3a33d78d60d1c6dc9db7a11b557b02b751f5d"
url = "https://github.com/rui314/mold/releases/download/v2.41.0/mold-2.41.0-x86_64-linux.tar.gz"
url_api = "https://api.github.com/repos/rui314/mold/releases/assets/395509419"

[tools.mold."platforms.linux-x64-musl"]
checksum = "sha256:a3696680d99e692970590a178bc3a33d78d60d1c6dc9db7a11b557b02b751f5d"
url = "https://github.com/rui314/mold/releases/download/v2.41.0/mold-2.41.0-x86_64-linux.tar.gz"
url_api = "https://api.github.com/repos/rui314/mold/releases/assets/395509419"

[[tools."pipx:reuse"]]
version = "6.2.0"
backend = "pipx:reuse"

[[tools.rust]]
version = "nightly-2026-08-05"
backend = "core:rust"

[tools.rust.options]
components = "clippy,rust-analyzer,rustfmt"
profile = "minimal"
